
Microsoft Visual Studio Solution File, Format Version 12.00
# Visual Studio Version 16
VisualStudioVersion = 16.0.30907.101
MinimumVisualStudioVersion = 10.0.40219.1
Project("{FAE04EC0-301F-11D3-BF4B-00C04F79EFBC}") = "RestaurantAssignment", "RestaurantAssignment.csproj", "{117E5403-EE48-4D69-9622-048823323200}"
EndProject
Global
	GlobalSection(SolutionConfigurationPlatforms) = preSolution
		Debug|Any CPU = Debug|Any CPU
		Release|Any CPU = Release|Any CPU
	EndGlobalSection
	GlobalSection(ProjectConfigurationPlatforms) = postSolution
		{117E5403-EE48-4D69-9622-048823323200}.Debug|Any CPU.ActiveCfg = Debug|Any CPU
		{117E5403-EE48-4D69-9622-048823323200}.Debug|Any CPU.Build.0 = Debug|Any CPU
		{117E5403-EE48-4D69-9622-048823323200}.Release|Any CPU.ActiveCfg = Release|Any CPU
		{117E5403-EE48-4D69-9622-048823323200}.Release|Any CPU.Build.0 = Release|Any CPU
	EndGlobalSection
	GlobalSection(SolutionProperties) = preSolution
		HideSolutionNode = FALSE
	EndGlobalSection
	GlobalSection(ExtensibilityGlobals) = postSolution
		SolutionGuid = {F301D3B3-E54B-4104-AAF7-E532B9A89549}
	EndGlobalSection
EndGlobal
